
Microsoft Visual Studio Solution File, Format Version 12.00
# Visual Studio Version 17
VisualStudioVersion = 17.7.34031.279
MinimumVisualStudioVersion = 10.0.40219.1
Project("{FAE04EC0-301F-11D3-BF4B-00C04F79EFBC}") = "Habit-Tracker", "Habit-Tracker.csproj", "{2E47FA49-7518-4576-A89E-A8473B76FCF6}"
EndProject
Global
	GlobalSection(SolutionConfigurationPlatforms) = preSolution
		Debug|Any CPU = Debug|Any CPU
		Release|Any CPU = Release|Any CPU
	EndGlobalSection
	GlobalSection(ProjectConfigurationPlatforms) = postSolution
		{2E47FA49-7518-4576-A89E-A8473B76FCF6}.Debug|Any CPU.ActiveCfg = Debug|Any CPU
		{2E47FA49-7518-4576-A89E-A8473B76FCF6}.Debug|Any CPU.Build.0 = Debug|Any CPU
		{2E47FA49-7518-4576-A89E-A8473B76FCF6}.Release|Any CPU.ActiveCfg = Release|Any CPU
		{2E47FA49-7518-4576-A89E-A8473B76FCF6}.Release|Any CPU.Build.0 = Release|Any CPU
	EndGlobalSection
	GlobalSection(SolutionProperties) = preSolution
		HideSolutionNode = FALSE
	EndGlobalSection
	GlobalSection(ExtensibilityGlobals) = postSolution
		SolutionGuid = {51522743-8EA9-4527-A450-18ACD01FC8B5}
	EndGlobalSection
EndGlobal
